// !$*UTF8*$!
{
	archiveVersion = 1;
	classes = {
	};
	objectVersion = 55;
	objects = {

/* Begin PBXBuildFile section */
		A59B4C5E27964A340036063D /* Tests_iOS.swift in Sources */ = {isa = PBXBuildFile; fileRef = A59B4C5D27964A340036063D /* Tests_iOS.swift */; };
		A59B4C6027964A340036063D /* Tests_iOSLaunchTests.swift in Sources */ = {isa = PBXBuildFile; fileRef = A59B4C5F27964A340036063D /* Tests_iOSLaunchTests.swift */; };
		A59B4C6A27964A340036063D /* Tests_macOS.swift in Sources */ = {isa = PBXBuildFile; fileRef = A59B4C6927964A340036063D /* Tests_macOS.swift */; };
		A59B4C6C27964A340036063D /* Tests_macOSLaunchTests.swift in Sources */ = {isa = PBXBuildFile; fileRef = A59B4C6B27964A340036063D /* Tests_macOSLaunchTests.swift */; };
		A59B4C6D27964A340036063D /* Cesaro_Fractal_SwiftUIApp.swift in Sources */ = {isa = PBXBuildFile; fileRef = A59B4C4727964A330036063D /* Cesaro_Fractal_SwiftUIApp.swift */; };
		A59B4C6E27964A340036063D /* Cesaro_Fractal_SwiftUIApp.swift in Sources */ = {isa = PBXBuildFile; fileRef = A59B4C4727964A330036063D /* Cesaro_Fractal_SwiftUIApp.swift */; };
		A59B4C6F27964A340036063D /* ContentView.swift in Sources */ = {isa = PBXBuildFile; fileRef = A59B4C4827964A330036063D /* ContentView.swift */; };
		A59B4C7027964A340036063D /* ContentView.swift in Sources */ = {isa = PBXBuildFile; fileRef = A59B4C4827964A330036063D /* ContentView.swift */; };
		A59B4C7127964A340036063D /* Assets.xcassets in Resources */ = {isa = PBXBuildFile; fileRef = A59B4C4927964A340036063D /* Assets.xcassets */; };
		A59B4C7227964A340036063D /* Assets.xcassets in Resources */ = {isa = PBXBuildFile; fileRef = A59B4C4927964A340036063D /* Assets.xcassets */; };
		A5DE187027964E0200CDED15 /* CesaroView.swift in Sources */ = {isa = PBXBuildFile; fileRef = A5DE186F27964E0200CDED15 /* CesaroView.swift */; };
		A5DE187127964E0200CDED15 /* CesaroView.swift in Sources */ = {isa = PBXBuildFile; fileRef = A5DE186F27964E0200CDED15 /* CesaroView.swift */; };
		A5DE187227964E0200CDED15 /* CesaroView.swift in Sources */ = {isa = PBXBuildFile; fileRef = A5DE186F27964E0200CDED15 /* CesaroView.swift */; };
		A5DE187327964E0200CDED15 /* CesaroView.swift in Sources */ = {isa = PBXBuildFile; fileRef = A5DE186F27964E0200CDED15 /* CesaroView.swift */; };
		A5DE18752796506600CDED15 /* Cesaro_Functions.swift in Sources */ = {isa = PBXBuildFile; fileRef = A5DE18742796506600CDED15 /* Cesaro_Functions.swift */; };
		A5DE18762796506600CDED15 /* Cesaro_Functions.swift in Sources */ = {isa = PBXBuildFile; fileRef = A5DE18742796506600CDED15 /* Cesaro_Functions.swift */; };
		A5DE18772796506600CDED15 /* Cesaro_Functions.swift in Sources */ = {isa = PBXBuildFile; fileRef = A5DE18742796506600CDED15 /* Cesaro_Functions.swift */; };
		A5DE18782796506600CDED15 /* Cesaro_Functions.swift in Sources */ = {isa = PBXBuildFile; fileRef = A5DE18742796506600CDED15 /* Cesaro_Functions.swift */; };
/* End PBXBuildFile section */

/* Begin PBXContainerItemProxy section */
		A59B4C5A27964A340036063D /* PBXContainerItemProxy */ = {
			isa = PBXContainerItemProxy;
			containerPortal = A59B4C4227964A330036063D /* Project object */;
			proxyType = 1;
			remoteGlobalIDString = A59B4C4D27964A340036063D;
			remoteInfo = "Cesaro Fractal SwiftUI (iOS)";
		};
		A59B4C6627964A340036063D /* PBXContainerItemProxy */ = {
			isa = PBXContainerItemProxy;
			containerPortal = A59B4C4227964A330036063D /* Project object */;
			proxyType = 1;
			remoteGlobalIDString = A59B4C5327964A340036063D;
			remoteInfo = "Cesaro Fractal SwiftUI (macOS)";
		};
/* End PBXContainerItemProxy section */

/* Begin PBXFileReference section */
		A59B4C4727964A330036063D /* Cesaro_Fractal_SwiftUIApp.swift */ = {isa = PBXFileReference; lastKnownFileType = sourcecode.swift; path = Cesaro_Fractal_SwiftUIApp.swift; sourceTree = "<group>"; };
		A59B4C4827964A330036063D /* ContentView.swift */ = {isa = PBXFileReference; lastKnownFileType = sourcecode.swift; path = ContentView.swift; sourceTree = "<group>"; };
		A59B4C4927964A340036063D /* Assets.xcassets */ = {isa = PBXFileReference; lastKnownFileType = folder.assetcatalog; path = Assets.xcassets; sourceTree = "<group>"; };
		A59B4C4E27964A340036063D /* Koch Snowflake.app */ = {isa = PBXFileReference; explicitFileType = wrapper.application; includeInIndex = 0; path = "Koch Snowflake.app"; sourceTree = BUILT_PRODUCTS_DIR; };
		A59B4C5427964A340036063D /* Koch Snowflake.app */ = {isa = PBXFileReference; explicitFileType = wrapper.application; includeInIndex = 0; path = "Koch Snowflake.app"; sourceTree = BUILT_PRODUCTS_DIR; };
		A59B4C5927964A340036063D /* Tests iOS.xctest */ = {isa = PBXFileReference; explicitFileType = wrapper.cfbundle; includeInIndex = 0; path = "Tests iOS.xctest"; sourceTree = BUILT_PRODUCTS_DIR; };
		A59B4C5D27964A340036063D /* Tests_iOS.swift */ = {isa = PBXFileReference; lastKnownFileType = sourcecode.swift; path = Tests_iOS.swift; sourceTree = "<group>"; };
		A59B4C5F27964A340036063D /* Tests_iOSLaunchTests.swift */ = {isa = PBXFileReference; lastKnownFileType = sourcecode.swift; path = Tests_iOSLaunchTests.swift; sourceTree = "<group>"; };
		A59B4C6527964A340036063D /* Tests macOS.xctest */ = {isa = PBXFileReference; explicitFileType = wrapper.cfbundle; includeInIndex = 0; path = "Tests macOS.xctest"; sourceTree = BUILT_PRODUCTS_DIR; };
		A59B4C6927964A340036063D /* Tests_macOS.swift */ = {isa = PBXFileReference; lastKnownFileType = sourcecode.swift; path = Tests_macOS.swift; sourceTree = "<group>"; };
		A59B4C6B27964A340036063D /* Tests_macOSLaunchTests.swift */ = {isa = PBXFileReference; lastKnownFileType = sourcecode.swift; path = Tests_macOSLaunchTests.swift; sourceTree = "<group>"; };
		A5DE186F27964E0200CDED15 /* CesaroView.swift */ = {isa = PBXFileReference; lastKnownFileType = sourcecode.swift; path = CesaroView.swift; sourceTree = "<group>"; };
		A5DE18742796506600CDED15 /* Cesaro_Functions.swift */ = {isa = PBXFileReference; lastKnownFileType = sourcecode.swift; path = Cesaro_Functions.swift; sourceTree = "<group>"; };
/* End PBXFileReference section */

/* Begin PBXFrameworksBuildPhase section */
		A59B4C4B27964A340036063D /* Frameworks */ = {
			isa = PBXFrameworksBuildPhase;
			buildActionMask = 2147483647;
			files = (
			);
			runOnlyForDeploymentPostprocessing = 0;
		};
		A59B4C5127964A340036063D /* Frameworks */ = {
			isa = PBXFrameworksBuildPhase;
			buildActionMask = 2147483647;
			files = (
			);
			runOnlyForDeploymentPostprocessing = 0;
		};
		A59B4C5627964A340036063D /* Frameworks */ = {
			isa = PBXFrameworksBuildPhase;
			buildActionMask = 2147483647;
			files = (
			);
			runOnlyForDeploymentPostprocessing = 0;
		};
		A59B4C6227964A340036063D /* Frameworks */ = {
			isa = PBXFrameworksBuildPhase;
			buildActionMask = 2147483647;
			files = (
			);
			runOnlyForDeploymentPostprocessing = 0;
		};
/* End PBXFrameworksBuildPhase section */

/* Begin PBXGroup section */
		A59B4C4127964A330036063D = {
			isa = PBXGroup;
			children = (
				A59B4C4627964A330036063D /* Shared */,
				A59B4C5C27964A340036063D /* Tests iOS */,
				A59B4C6827964A340036063D /* Tests macOS */,
				A59B4C4F27964A340036063D /* Products */,
			);
			sourceTree = "<group>";
		};
		A59B4C4627964A330036063D /* Shared */ = {
			isa = PBXGroup;
			children = (
				A59B4C4727964A330036063D /* Cesaro_Fractal_SwiftUIApp.swift */,
				A5DE186F27964E0200CDED15 /* CesaroView.swift */,
				A59B4C4827964A330036063D /* ContentView.swift */,
				A5DE18742796506600CDED15 /* Cesaro_Functions.swift */,
				A59B4C4927964A340036063D /* Assets.xcassets */,
			);
			path = Shared;
			sourceTree = "<group>";
		};
		A59B4C4F27964A340036063D /* Products */ = {
			isa = PBXGroup;
			children = (
				A59B4C4E27964A340036063D /* Koch Snowflake.app */,
				A59B4C5427964A340036063D /* Koch Snowflake.app */,
				A59B4C5927964A340036063D /* Tests iOS.xctest */,
				A59B4C6527964A340036063D /* Tests macOS.xctest */,
			);
			name = Products;
			sourceTree = "<group>";
		};
		A59B4C5C27964A340036063D /* Tests iOS */ = {
			isa = PBXGroup;
			children = (
				A59B4C5D27964A340036063D /* Tests_iOS.swift */,
				A59B4C5F27964A340036063D /* Tests_iOSLaunchTests.swift */,
			);
			path = "Tests iOS";
			sourceTree = "<group>";
		};
		A59B4C6827964A340036063D /* Tests macOS */ = {
			isa = PBXGroup;
			children = (
				A59B4C6927964A340036063D /* Tests_macOS.swift */,
				A59B4C6B27964A340036063D /* Tests_macOSLaunchTests.swift */,
			);
			path = "Tests macOS";
			sourceTree = "<group>";
		};
/* End PBXGroup section */

/* Begin PBXNativeTarget section */
		A59B4C4D27964A340036063D /* Koch Snowflake (iOS) */ = {
			isa = PBXNativeTarget;
			buildConfigurationList = A59B4C7527964A340036063D /* Build configuration list for PBXNativeTarget "Koch Snowflake (iOS)" */;
			buildPhases = (
				A59B4C4A27964A340036063D /* Sources */,
				A59B4C4B27964A340036063D /* Frameworks */,
				A59B4C4C27964A340036063D /* Resources */,
			);
			buildRules = (
			);
			dependencies = (
			);
			name = "Koch Snowflake (iOS)";
			productName = "Cesaro Fractal SwiftUI (iOS)";
			productReference = A59B4C4E27964A340036063D /* Koch Snowflake.app */;
			productType = "com.apple.product-type.application";
		};
		A59B4C5327964A340036063D /* Koch Snowflake (macOS) */ = {
			isa = PBXNativeTarget;
			buildConfigurationList = A59B4C7827964A340036063D /* Build configuration list for PBXNativeTarget "Koch Snowflake (macOS)" */;
			buildPhases = (
				A59B4C5027964A340036063D /* Sources */,
				A59B4C5127964A340036063D /* Frameworks */,
				A59B4C5227964A340036063D /* Resources */,
			);
			buildRules = (
			);
			dependencies = (
			);
			name = "Koch Snowflake (macOS)";
			productName = "Cesaro Fractal SwiftUI (macOS)";
			productReference = A59B4C5427964A340036063D /* Koch Snowflake.app */;
			productType = "com.apple.product-type.application";
		};
		A59B4C5827964A340036063D /* Tests iOS */ = {
			isa = PBXNativeTarget;
			buildConfigurationList = A59B4C7B27964A340036063D /* Build configuration list for PBXNativeTarget "Tests iOS" */;
			buildPhases = (
				A59B4C5527964A340036063D /* Sources */,
				A59B4C5627964A340036063D /* Frameworks */,
				A59B4C5727964A340036063D /* Resources */,
			);
			buildRules = (
			);
			dependencies = (
				A59B4C5B27964A340036063D /* PBXTargetDependency */,
			);
			name = "Tests iOS";
			productName = "Tests iOS";
			productReference = A59B4C5927964A340036063D /* Tests iOS.xctest */;
			productType = "com.apple.product-type.bundle.ui-testing";
		};
		A59B4C6427964A340036063D /* Tests macOS */ = {
			isa = PBXNativeTarget;
			buildConfigurationList = A59B4C7E27964A340036063D /* Build configuration list for PBXNativeTarget "Tests macOS" */;
			buildPhases = (
				A59B4C6127964A340036063D /* Sources */,
				A59B4C6227964A340036063D /* Frameworks */,
				A59B4C6327964A340036063D /* Resources */,
			);
			buildRules = (
			);
			dependencies = (
				A59B4C6727964A340036063D /* PBXTargetDependency */,
			);
			name = "Tests macOS";
			productName = "Tests macOS";
			productReference = A59B4C6527964A340036063D /* Tests macOS.xctest */;
			productType = "com.apple.product-type.bundle.ui-testing";
		};
/* End PBXNativeTarget section */

/* Begin PBXProject section */
		A59B4C4227964A330036063D /* Project object */ = {
			isa = PBXProject;
			attributes = {
				BuildIndependentTargetsInParallel = 1;
				LastSwiftUpdateCheck = 1300;
				LastUpgradeCheck = 1320;
				TargetAttributes = {
					A59B4C4D27964A340036063D = {
						CreatedOnToolsVersion = 13.0;
					};
					A59B4C5327964A340036063D = {
						CreatedOnToolsVersion = 13.0;
					};
					A59B4C5827964A340036063D = {
						CreatedOnToolsVersion = 13.0;
						TestTargetID = A59B4C4D27964A340036063D;
					};
					A59B4C6427964A340036063D = {
						CreatedOnToolsVersion = 13.0;
						TestTargetID = A59B4C5327964A340036063D;
					};
				};
			};
			buildConfigurationList = A59B4C4527964A330036063D /* Build configuration list for PBXProject "Koch Snowflake" */;
			compatibilityVersion = "Xcode 13.0";
			developmentRegion = en;
			hasScannedForEncodings = 0;
			knownRegions = (
				en,
				Base,
			);
			mainGroup = A59B4C4127964A330036063D;
			productRefGroup = A59B4C4F27964A340036063D /* Products */;
			projectDirPath = "";
			projectRoot = "";
			targets = (
				A59B4C4D27964A340036063D /* Koch Snowflake (iOS) */,
				A59B4C5327964A340036063D /* Koch Snowflake (macOS) */,
				A59B4C5827964A340036063D /* Tests iOS */,
				A59B4C6427964A340036063D /* Tests macOS */,
			);
		};
/* End PBXProject section */

/* Begin PBXResourcesBuildPhase section */
		A59B4C4C27964A340036063D /* Resources */ = {
			isa = PBXResourcesBuildPhase;
			buildActionMask = 2147483647;
			files = (
				A59B4C7127964A340036063D /* Assets.xcassets in Resources */,
			);
			runOnlyForDeploymentPostprocessing = 0;
		};
		A59B4C5227964A340036063D /* Resources */ = {
			isa = PBXResourcesBuildPhase;
			buildActionMask = 2147483647;
			files = (
				A59B4C7227964A340036063D /* Assets.xcassets in Resources */,
			);
			runOnlyForDeploymentPostprocessing = 0;
		};
		A59B4C5727964A340036063D /* Resources */ = {
			isa = PBXResourcesBuildPhase;
			buildActionMask = 2147483647;
			files = (
			);
			runOnlyForDeploymentPostprocessing = 0;
		};
		A59B4C6327964A340036063D /* Resources */ = {
			isa = PBXResourcesBuildPhase;
			buildActionMask = 2147483647;
			files = (
			);
			runOnlyForDeploymentPostprocessing = 0;
		};
/* End PBXResourcesBuildPhase section */

/* Begin PBXSourcesBuildPhase section */
		A59B4C4A27964A340036063D /* Sources */ = {
			isa = PBXSourcesBuildPhase;
			buildActionMask = 2147483647;
			files = (
				A5DE187027964E0200CDED15 /* CesaroView.swift in Sources */,
				A59B4C6F27964A340036063D /* ContentView.swift in Sources */,
				A5DE18752796506600CDED15 /* Cesaro_Functions.swift in Sources */,
				A59B4C6D27964A340036063D /* Cesaro_Fractal_SwiftUIApp.swift in Sources */,
			);
			runOnlyForDeploymentPostprocessing = 0;
		};
		A59B4C5027964A340036063D /* Sources */ = {
			isa = PBXSourcesBuildPhase;
			buildActionMask = 2147483647;
			files = (
				A5DE187127964E0200CDED15 /* CesaroView.swift in Sources */,
				A59B4C7027964A340036063D /* ContentView.swift in Sources */,
				A5DE18762796506600CDED15 /* Cesaro_Functions.swift in Sources */,
				A59B4C6E27964A340036063D /* Cesaro_Fractal_SwiftUIApp.swift in Sources */,
			);
			runOnlyForDeploymentPostprocessing = 0;
		};
		A59B4C5527964A340036063D /* Sources */ = {
			isa = PBXSourcesBuildPhase;
			buildActionMask = 2147483647;
			files = (
				A5DE187227964E0200CDED15 /* CesaroView.swift in Sources */,
				A59B4C6027964A340036063D /* Tests_iOSLaunchTests.swift in Sources */,
				A5DE18772796506600CDED15 /* Cesaro_Functions.swift in Sources */,
				A59B4C5E27964A340036063D /* Tests_iOS.swift in Sources */,
			);
			runOnlyForDeploymentPostprocessing = 0;
		};
		A59B4C6127964A340036063D /* Sources */ = {
			isa = PBXSourcesBuildPhase;
			buildActionMask = 2147483647;
			files = (
				A5DE187327964E0200CDED15 /* CesaroView.swift in Sources */,
				A59B4C6C27964A340036063D /* Tests_macOSLaunchTests.swift in Sources */,
				A5DE18782796506600CDED15 /* Cesaro_Functions.swift in Sources */,
				A59B4C6A27964A340036063D /* Tests_macOS.swift in Sources */,
			);
			runOnlyForDeploymentPostprocessing = 0;
		};
/* End PBXSourcesBuildPhase section */

/* Begin PBXTargetDependency section */
		A59B4C5B27964A340036063D /* PBXTargetDependency */ = {
			isa = PBXTargetDependency;
			target = A59B4C4D27964A340036063D /* Koch Snowflake (iOS) */;
			targetProxy = A59B4C5A27964A340036063D /* PBXContainerItemProxy */;
		};
		A59B4C6727964A340036063D /* PBXTargetDependency */ = {
			isa = PBXTargetDependency;
			target = A59B4C5327964A340036063D /* Koch Snowflake (macOS) */;
			targetProxy = A59B4C6627964A340036063D /* PBXContainerItemProxy */;
		};
/* End PBXTargetDependency section */

/* Begin XCBuildConfiguration section */
		A59B4C7327964A340036063D /* Debug */ = {
			isa = XCBuildConfiguration;
			buildSettings = {
				ALWAYS_SEARCH_USER_PATHS = NO;
				CLANG_ANALYZER_NONNULL = YES;
				CLANG_ANALYZER_NUMBER_OBJECT_CONVERSION = YES_AGGRESSIVE;
				CLANG_CXX_LANGUAGE_STANDARD = "gnu++17";
				CLANG_CXX_LIBRARY = "libc++";
				CLANG_ENABLE_MODULES = YES;
				CLANG_ENABLE_OBJC_ARC = YES;
				CLANG_ENABLE_OBJC_WEAK = YES;
				CLANG_WARN_BLOCK_CAPTURE_AUTORELEASING = YES;
				CLANG_WARN_BOOL_CONVERSION = YES;
				CLANG_WARN_COMMA = YES;
				CLANG_WARN_CONSTANT_CONVERSION = YES;
				CLANG_WARN_DEPRECATED_OBJC_IMPLEMENTATIONS = YES;
				CLANG_WARN_DIRECT_OBJC_ISA_USAGE = YES_ERROR;
				CLANG_WARN_DOCUMENTATION_COMMENTS = YES;
				CLANG_WARN_EMPTY_BODY = YES;
				CLANG_WARN_ENUM_CONVERSION = YES;
				CLANG_WARN_INFINITE_RECURSION = YES;
				CLANG_WARN_INT_CONVERSION = YES;
				CLANG_WARN_NON_LITERAL_NULL_CONVERSION = YES;
				CLANG_WARN_OBJC_IMPLICIT_RETAIN_SELF = YES;
				CLANG_WARN_OBJC_LITERAL_CONVERSION = YES;
				CLANG_WARN_OBJC_ROOT_CLASS = YES_ERROR;
				CLANG_WARN_QUOTED_INCLUDE_IN_FRAMEWORK_HEADER = YES;
				CLANG_WARN_RANGE_LOOP_ANALYSIS = YES;
				CLANG_WARN_STRICT_PROTOTYPES = YES;
				CLANG_WARN_SUSPICIOUS_MOVE = YES;
				CLANG_WARN_UNGUARDED_AVAILABILITY = YES_AGGRESSIVE;
				CLANG_WARN_UNREACHABLE_CODE = YES;
				CLANG_WARN__DUPLICATE_METHOD_MATCH = YES;
				COPY_PHASE_STRIP = NO;
				DEBUG_INFORMATION_FORMAT = dwarf;
				ENABLE_STRICT_OBJC_MSGSEND = YES;
				ENABLE_TESTABILITY = YES;
				GCC_C_LANGUAGE_STANDARD = gnu11;
				GCC_DYNAMIC_NO_PIC = NO;
				GCC_NO_COMMON_BLOCKS = YES;
				GCC_OPTIMIZATION_LEVEL = 0;
				GCC_PREPROCESSOR_DEFINITIONS = (
					"DEBUG=1",
					"$(inherited)",
				);
				GCC_WARN_64_TO_32_BIT_CONVERSION = YES;
				GCC_WARN_ABOUT_RETURN_TYPE = YES_ERROR;
				GCC_WARN_UNDECLARED_SELECTOR = YES;
				GCC_WARN_UNINITIALIZED_AUTOS = YES_AGGRESSIVE;
				GCC_WARN_UNUSED_FUNCTION = YES;
				GCC_WARN_UNUSED_VARIABLE = YES;
				MTL_ENABLE_DEBUG_INFO = INCLUDE_SOURCE;
				MTL_FAST_MATH = YES;
				ONLY_ACTIVE_ARCH = YES;
				SWIFT_ACTIVE_COMPILATION_CONDITIONS = DEBUG;
				SWIFT_OPTIMIZATION_LEVEL = "-Onone";
			};
			name = Debug;
		};
		A59B4C7427964A340036063D /* Release */ = {
			isa = XCBuildConfiguration;
			buildSettings = {
				ALWAYS_SEARCH_USER_PATHS = NO;
				CLANG_ANALYZER_NONNULL = YES;
				CLANG_ANALYZER_NUMBER_OBJECT_CONVERSION = YES_AGGRESSIVE;
				CLANG_CXX_LANGUAGE_STANDARD = "gnu++17";
				CLANG_CXX_LIBRARY = "libc++";
				CLANG_ENABLE_MODULES = YES;
				CLANG_ENABLE_OBJC_ARC = YES;
				CLANG_ENABLE_OBJC_WEAK = YES;
				CLANG_WARN_BLOCK_CAPTURE_AUTORELEASING = YES;
				CLANG_WARN_BOOL_CONVERSION = YES;
				CLANG_WARN_COMMA = YES;
				CLANG_WARN_CONSTANT_CONVERSION = YES;
				CLANG_WARN_DEPRECATED_OBJC_IMPLEMENTATIONS = YES;
				CLANG_WARN_DIRECT_OBJC_ISA_USAGE = YES_ERROR;
				CLANG_WARN_DOCUMENTATION_COMMENTS = YES;
				CLANG_WARN_EMPTY_BODY = YES;
				CLANG_WARN_ENUM_CONVERSION = YES;
				CLANG_WARN_INFINITE_RECURSION = YES;
				CLANG_WARN_INT_CONVERSION = YES;
				CLANG_WARN_NON_LITERAL_NULL_CONVERSION = YES;
				CLANG_WARN_OBJC_IMPLICIT_RETAIN_SELF = YES;
				CLANG_WARN_OBJC_LITERAL_CONVERSION = YES;
				CLANG_WARN_OBJC_ROOT_CLASS = YES_ERROR;
				CLANG_WARN_QUOTED_INCLUDE_IN_FRAMEWORK_HEADER = YES;
				CLANG_WARN_RANGE_LOOP_ANALYSIS = YES;
				CLANG_WARN_STRICT_PROTOTYPES = YES;
				CLANG_WARN_SUSPICIOUS_MOVE = YES;
				CLANG_WARN_UNGUARDED_AVAILABILITY = YES_AGGRESSIVE;
				CLANG_WARN_UNREACHABLE_CODE = YES;
				CLANG_WARN__DUPLICATE_METHOD_MATCH = YES;
				COPY_PHASE_STRIP = NO;
				DEBUG_INFORMATION_FORMAT = "dwarf-with-dsym";
				ENABLE_NS_ASSERTIONS = NO;
				ENABLE_STRICT_OBJC_MSGSEND = YES;
				GCC_C_LANGUAGE_STANDARD = gnu11;
				GCC_NO_COMMON_BLOCKS = YES;
				GCC_WARN_64_TO_32_BIT_CONVERSION = YES;
				GCC_WARN_ABOUT_RETURN_TYPE = YES_ERROR;
				GCC_WARN_UNDECLARED_SELECTOR = YES;
				GCC_WARN_UNINITIALIZED_AUTOS = YES_AGGRESSIVE;
				GCC_WARN_UNUSED_FUNCTION = YES;
				GCC_WARN_UNUSED_VARIABLE = YES;
				MTL_ENABLE_DEBUG_INFO = NO;
				MTL_FAST_MATH = YES;
				SWIFT_COMPILATION_MODE = wholemodule;
				SWIFT_OPTIMIZATION_LEVEL = "-O";
			};
			name = Release;
		};
		A59B4C7627964A340036063D /* Debug */ = {
			isa = XCBuildConfiguration;
			buildSettings = {
				ASSETCATALOG_COMPILER_APPICON_NAME = AppIcon;
				ASSETCATALOG_COMPILER_GLOBAL_ACCENT_COLOR_NAME = AccentColor;
				CODE_SIGN_STYLE = Automatic;
				CURRENT_PROJECT_VERSION = 1;
				DEVELOPMENT_TEAM = V59RVGUYZD;
				ENABLE_PREVIEWS = YES;
				GENERATE_INFOPLIST_FILE = YES;
				INFOPLIST_KEY_UIApplicationSceneManifest_Generation = YES;
				INFOPLIST_KEY_UIApplicationSupportsIndirectInputEvents = YES;
				INFOPLIST_KEY_UILaunchScreen_Generation = YES;
				INFOPLIST_KEY_UISupportedInterfaceOrientations_iPad = "UIInterfaceOrientationPortrait UIInterfaceOrientationPortraitUpsideDown UIInterfaceOrientationLandscapeLeft UIInterfaceOrientationLandscapeRight";
				INFOPLIST_KEY_UISupportedInterfaceOrientations_iPhone = "UIInterfaceOrientationPortrait UIInterfaceOrientationLandscapeLeft UIInterfaceOrientationLandscapeRight";
				IPHONEOS_DEPLOYMENT_TARGET = 14.0;
				LD_RUNPATH_SEARCH_PATHS = (
					"$(inherited)",
					"@executable_path/Frameworks",
				);
				MARKETING_VERSION = 1.0;
				PRODUCT_BUNDLE_IDENTIFIER = "com.jtIIT.Cesaro-Fractal-SwiftUI";
				PRODUCT_NAME = "Koch Snowflake";
				SDKROOT = iphoneos;
				SWIFT_EMIT_LOC_STRINGS = YES;
				SWIFT_VERSION = 5.0;
				TARGETED_DEVICE_FAMILY = "1,2";
			};
			name = Debug;
		};
		A59B4C7727964A340036063D /* Release */ = {
			isa = XCBuildConfiguration;
			buildSettings = {
				ASSETCATALOG_COMPILER_APPICON_NAME = AppIcon;
				ASSETCATALOG_COMPILER_GLOBAL_ACCENT_COLOR_NAME = AccentColor;
				CODE_SIGN_STYLE = Automatic;
				CURRENT_PROJECT_VERSION = 1;
				DEVELOPMENT_TEAM = V59RVGUYZD;
				ENABLE_PREVIEWS = YES;
				GENERATE_INFOPLIST_FILE = YES;
				INFOPLIST_KEY_UIApplicationSceneManifest_Generation = YES;
				INFOPLIST_KEY_UIApplicationSupportsIndirectInputEvents = YES;
				INFOPLIST_KEY_UILaunchScreen_Generation = YES;
				INFOPLIST_KEY_UISupportedInterfaceOrientations_iPad = "UIInterfaceOrientationPortrait UIInterfaceOrientationPortraitUpsideDown UIInterfaceOrientationLandscapeLeft UIInterfaceOrientationLandscapeRight";
				INFOPLIST_KEY_UISupportedInterfaceOrientations_iPhone = "UIInterfaceOrientationPortrait UIInterfaceOrientationLandscapeLeft UIInterfaceOrientationLandscapeRight";
				IPHONEOS_DEPLOYMENT_TARGET = 14.0;
				LD_RUNPATH_SEARCH_PATHS = (
					"$(inherited)",
					"@executable_path/Frameworks",
				);
				MARKETING_VERSION = 1.0;
				PRODUCT_BUNDLE_IDENTIFIER = "com.jtIIT.Cesaro-Fractal-SwiftUI";
				PRODUCT_NAME = "Koch Snowflake";
				SDKROOT = iphoneos;
				SWIFT_EMIT_LOC_STRINGS = YES;
				SWIFT_VERSION = 5.0;
				TARGETED_DEVICE_FAMILY = "1,2";
				VALIDATE_PRODUCT = YES;
			};
			name = Release;
		};
		A59B4C7927964A340036063D /* Debug */ = {
			isa = XCBuildConfiguration;
			buildSettings = {
				ASSETCATALOG_COMPILER_APPICON_NAME = AppIcon;
				ASSETCATALOG_COMPILER_GLOBAL_ACCENT_COLOR_NAME = AccentColor;
				CODE_SIGN_IDENTITY = "-";
				CODE_SIGN_STYLE = Automatic;
				COMBINE_HIDPI_IMAGES = YES;
				CURRENT_PROJECT_VERSION = 1;
				DEVELOPMENT_TEAM = V59RVGUYZD;
				ENABLE_APP_SANDBOX = YES;
				ENABLE_HARDENED_RUNTIME = YES;
				ENABLE_PREVIEWS = YES;
				ENABLE_USER_SELECTED_FILES = readonly;
				GENERATE_INFOPLIST_FILE = YES;
				INFOPLIST_KEY_NSHumanReadableCopyright = "";
				LD_RUNPATH_SEARCH_PATHS = (
					"$(inherited)",
					"@executable_path/../Frameworks",
				);
				MACOSX_DEPLOYMENT_TARGET = 12.0;
				MARKETING_VERSION = 1.0;
				PRODUCT_BUNDLE_IDENTIFIER = "com.jtIIT.Cesaro-Fractal-SwiftUI";
				PRODUCT_NAME = "Koch Snowflake";
				SDKROOT = macosx;
				SWIFT_EMIT_LOC_STRINGS = YES;
				SWIFT_VERSION = 5.0;
			};
			name = Debug;
		};
		A59B4C7A27964A340036063D /* Release */ = {
			isa = XCBuildConfiguration;
			buildSettings = {
				ASSETCATALOG_COMPILER_APPICON_NAME = AppIcon;
				ASSETCATALOG_COMPILER_GLOBAL_ACCENT_COLOR_NAME = AccentColor;
				CODE_SIGN_IDENTITY = "-";
				CODE_SIGN_STYLE = Automatic;
				COMBINE_HIDPI_IMAGES = YES;
				CURRENT_PROJECT_VERSION = 1;
				DEVELOPMENT_TEAM = V59RVGUYZD;
				ENABLE_APP_SANDBOX = YES;
				ENABLE_HARDENED_RUNTIME = YES;
				ENABLE_PREVIEWS = YES;
				ENABLE_USER_SELECTED_FILES = readonly;
				GENERATE_INFOPLIST_FILE = YES;
				INFOPLIST_KEY_NSHumanReadableCopyright = "";
				LD_RUNPATH_SEARCH_PATHS = (
					"$(inherited)",
					"@executable_path/../Frameworks",
				);
				MACOSX_DEPLOYMENT_TARGET = 12.0;
				MARKETING_VERSION = 1.0;
				PRODUCT_BUNDLE_IDENTIFIER = "com.jtIIT.Cesaro-Fractal-SwiftUI";
				PRODUCT_NAME = "Koch Snowflake";
				SDKROOT = macosx;
				SWIFT_EMIT_LOC_STRINGS = YES;
				SWIFT_VERSION = 5.0;
			};
			name = Release;
		};
		A59B4C7C27964A340036063D /* Debug */ = {
			isa = XCBuildConfiguration;
			buildSettings = {
				ALWAYS_EMBED_SWIFT_STANDARD_LIBRARIES = YES;
				CODE_SIGN_STYLE = Automatic;
				CURRENT_PROJECT_VERSION = 1;
				DEVELOPMENT_TEAM = V59RVGUYZD;
				GENERATE_INFOPLIST_FILE = YES;
				IPHONEOS_DEPLOYMENT_TARGET = 15.0;
				LD_RUNPATH_SEARCH_PATHS = (
					"$(inherited)",
					"@executable_path/Frameworks",
					"@loader_path/Frameworks",
				);
				MARKETING_VERSION = 1.0;
				PRODUCT_BUNDLE_IDENTIFIER = "com.jtIIT.Tests-iOS";
				PRODUCT_NAME = "$(TARGET_NAME)";
				SDKROOT = iphoneos;
				SWIFT_EMIT_LOC_STRINGS = NO;
				SWIFT_VERSION = 5.0;
				TARGETED_DEVICE_FAMILY = "1,2";
				TEST_TARGET_NAME = "Cesaro Fractal SwiftUI (iOS)";
			};
			name = Debug;
		};
		A59B4C7D27964A340036063D /* Release */ = {
			isa = XCBuildConfiguration;
			buildSettings = {
				ALWAYS_EMBED_SWIFT_STANDARD_LIBRARIES = YES;
				CODE_SIGN_STYLE = Automatic;
				CURRENT_PROJECT_VERSION = 1;
				DEVELOPMENT_TEAM = V59RVGUYZD;
				GENERATE_INFOPLIST_FILE = YES;
				IPHONEOS_DEPLOYMENT_TARGET = 15.0;
				LD_RUNPATH_SEARCH_PATHS = (
					"$(inherited)",
					"@executable_path/Frameworks",
					"@loader_path/Frameworks",
				);
				MARKETING_VERSION = 1.0;
				PRODUCT_BUNDLE_IDENTIFIER = "com.jtIIT.Tests-iOS";
				PRODUCT_NAME = "$(TARGET_NAME)";
				SDKROOT = iphoneos;
				SWIFT_EMIT_LOC_STRINGS = NO;
				SWIFT_VERSION = 5.0;
				TARGETED_DEVICE_FAMILY = "1,2";
				TEST_TARGET_NAME = "Cesaro Fractal SwiftUI (iOS)";
				VALIDATE_PRODUCT = YES;
			};
			name = Release;
		};
		A59B4C7F27964A340036063D /* Debug */ = {
			isa = XCBuildConfiguration;
			buildSettings = {
				ALWAYS_EMBED_SWIFT_STANDARD_LIBRARIES = YES;
				CODE_SIGN_STYLE = Automatic;
				COMBINE_HIDPI_IMAGES = YES;
				CURRENT_PROJECT_VERSION = 1;
				DEVELOPMENT_TEAM = V59RVGUYZD;
				GENERATE_INFOPLIST_FILE = YES;
				LD_RUNPATH_SEARCH_PATHS = (
					"$(inherited)",
					"@executable_path/../Frameworks",
					"@loader_path/../Frameworks",
				);
				MACOSX_DEPLOYMENT_TARGET = 12.0;
				MARKETING_VERSION = 1.0;
				PRODUCT_BUNDLE_IDENTIFIER = "com.jtIIT.Tests-macOS";
				PRODUCT_NAME = "$(TARGET_NAME)";
				SDKROOT = macosx;
				SWIFT_EMIT_LOC_STRINGS = NO;
				SWIFT_VERSION = 5.0;
				TEST_TARGET_NAME = "Cesaro Fractal SwiftUI (macOS)";
			};
			name = Debug;
		};
		A59B4C8027964A340036063D /* Release */ = {
			isa = XCBuildConfiguration;
			buildSettings = {
				ALWAYS_EMBED_SWIFT_STANDARD_LIBRARIES = YES;
				CODE_SIGN_STYLE = Automatic;
				COMBINE_HIDPI_IMAGES = YES;
				CURRENT_PROJECT_VERSION = 1;
				DEVELOPMENT_TEAM = V59RVGUYZD;
				GENERATE_INFOPLIST_FILE = YES;
				LD_RUNPATH_SEARCH_PATHS = (
					"$(inherited)",
					"@executable_path/../Frameworks",
					"@loader_path/../Frameworks",
				);
				MACOSX_DEPLOYMENT_TARGET = 12.0;
				MARKETING_VERSION = 1.0;
				PRODUCT_BUNDLE_IDENTIFIER = "com.jtIIT.Tests-macOS";
				PRODUCT_NAME = "$(TARGET_NAME)";
				SDKROOT = macosx;
				SWIFT_EMIT_LOC_STRINGS = NO;
				SWIFT_VERSION = 5.0;
				TEST_TARGET_NAME = "Cesaro Fractal SwiftUI (macOS)";
			};
			name = Release;
		};
/* End XCBuildConfiguration section */

/* Begin XCConfigurationList section */
		A59B4C4527964A330036063D /* Build configuration list for PBXProject "Koch Snowflake" */ = {
			isa = XCConfigurationList;
			buildConfigurations = (
				A59B4C7327964A340036063D /* Debug */,
				A59B4C7427964A340036063D /* Release */,
			);
			defaultConfigurationIsVisible = 0;
			defaultConfigurationName = Release;
		};
		A59B4C7527964A340036063D /* Build configuration list for PBXNativeTarget "Koch Snowflake (iOS)" */ = {
			isa = XCConfigurationList;
			buildConfigurations = (
				A59B4C7627964A340036063D /* Debug */,
				A59B4C7727964A340036063D /* Release */,
			);
			defaultConfigurationIsVisible = 0;
			defaultConfigurationName = Release;
		};
		A59B4C7827964A340036063D /* Build configuration list for PBXNativeTarget "Koch Snowflake (macOS)" */ = {
			isa = XCConfigurationList;
			buildConfigurations = (
				A59B4C7927964A340036063D /* Debug */,
				A59B4C7A27964A340036063D /* Release */,
			);
			defaultConfigurationIsVisible = 0;
			defaultConfigurationName = Release;
		};
		A59B4C7B27964A340036063D /* Build configuration list for PBXNativeTarget "Tests iOS" */ = {
			isa = XCConfigurationList;
			buildConfigurations = (
				A59B4C7C27964A340036063D /* Debug */,
				A59B4C7D27964A340036063D /* Release */,
			);
			defaultConfigurationIsVisible = 0;
			defaultConfigurationName = Release;
		};
		A59B4C7E27964A340036063D /* Build configuration list for PBXNativeTarget "Tests macOS" */ = {
			isa = XCConfigurationList;
			buildConfigurations = (
				A59B4C7F27964A340036063D /* Debug */,
				A59B4C8027964A340036063D /* Release */,
			);
			defaultConfigurationIsVisible = 0;
			defaultConfigurationName = Release;
		};
/* End XCConfigurationList section */
	};
	rootObject = A59B4C4227964A330036063D /* Project object */;
}
